// !$*UTF8*$!
{
	archiveVersion = 1;
	classes = {
	};
	objectVersion = 46;
	objects = {

/* Begin PBXBuildFile section */
		CA0543C116199BE000F98399 /* UIKit.framework in Frameworks */ = {isa = PBXBuildFile; fileRef = CA0543C016199BE000F98399 /* UIKit.framework */; };
		CA0543C316199BE000F98399 /* Foundation.framework in Frameworks */ = {isa = PBXBuildFile; fileRef = CA0543C216199BE000F98399 /* Foundation.framework */; };
		CA0543C516199BE000F98399 /* CoreGraphics.framework in Frameworks */ = {isa = PBXBuildFile; fileRef = CA0543C416199BE000F98399 /* CoreGraphics.framework */; };
		CA0543CB16199BE100F98399 /* InfoPlist.strings in Resources */ = {isa = PBXBuildFile; fileRef = CA0543C916199BE100F98399 /* InfoPlist.strings */; };
		CA0543CD16199BE100F98399 /* main.m in Sources */ = {isa = PBXBuildFile; fileRef = CA0543CC16199BE100F98399 /* main.m */; };
		CA0543D116199BE100F98399 /* AppDelegate.m in Sources */ = {isa = PBXBuildFile; fileRef = CA0543D016199BE100F98399 /* AppDelegate.m */; };
		CA0543D316199BE100F98399 /* Default.png in Resources */ = {isa = PBXBuildFile; fileRef = CA0543D216199BE100F98399 /* Default.png */; };
		CA0543D516199BE100F98399 /* Default@2x.png in Resources */ = {isa = PBXBuildFile; fileRef = CA0543D416199BE100F98399 /* Default@2x.png */; };
		CA0543D716199BE100F98399 /* Default-568h@2x.png in Resources */ = {isa = PBXBuildFile; fileRef = CA0543D616199BE100F98399 /* Default-568h@2x.png */; };
		CA0543DF16199BE100F98399 /* SenTestingKit.framework in Frameworks */ = {isa = PBXBuildFile; fileRef = CA0543DE16199BE100F98399 /* SenTestingKit.framework */; };
		CA0543E016199BE100F98399 /* UIKit.framework in Frameworks */ = {isa = PBXBuildFile; fileRef = CA0543C016199BE000F98399 /* UIKit.framework */; };
		CA0543E116199BE100F98399 /* Foundation.framework in Frameworks */ = {isa = PBXBuildFile; fileRef = CA0543C216199BE000F98399 /* Foundation.framework */; };
		CA0543E916199BE100F98399 /* InfoPlist.strings in Resources */ = {isa = PBXBuildFile; fileRef = CA0543E716199BE100F98399 /* InfoPlist.strings */; };
		CA0543EC16199BE100F98399 /* FromScratchTests.m in Sources */ = {isa = PBXBuildFile; fileRef = CA0543EB16199BE100F98399 /* FromScratchTests.m */; };
		CA0543F716199D6900F98399 /* NieuwBoekViewController.m in Sources */ = {isa = PBXBuildFile; fileRef = CA0543F616199D6900F98399 /* NieuwBoekViewController.m */; };
		CA0543FA16199FDF00F98399 /* AllebBoekenViewController.m in Sources */ = {isa = PBXBuildFile; fileRef = CA0543F916199FDF00F98399 /* AllebBoekenViewController.m */; };
		CA0543FD161C492C00F98399 /* 06-magnify.png in Resources */ = {isa = PBXBuildFile; fileRef = CA0543FB161C492C00F98399 /* 06-magnify.png */; };
		CA0543FE161C492D00F98399 /* 13-target.png in Resources */ = {isa = PBXBuildFile; fileRef = CA0543FC161C492C00F98399 /* 13-target.png */; };
/* End PBXBuildFile section */

/* Begin PBXContainerItemProxy section */
		CA0543E216199BE100F98399 /* PBXContainerItemProxy */ = {
			isa = PBXContainerItemProxy;
			containerPortal = CA0543B316199BE000F98399 /* Project object */;
			proxyType = 1;
			remoteGlobalIDString = CA0543BB16199BE000F98399;
			remoteInfo = FromScratch;
		};
/* End PBXContainerItemProxy section */

/* Begin PBXFileReference section */
		CA0543BC16199BE000F98399 /* FromScratch.app */ = {isa = PBXFileReference; explicitFileType = wrapper.application; includeInIndex = 0; path = FromScratch.app; sourceTree = BUILT_PRODUCTS_DIR; };
		CA0543C016199BE000F98399 /* UIKit.framework */ = {isa = PBXFileReference; lastKnownFileType = wrapper.framework; name = UIKit.framework; path = System/Library/Frameworks/UIKit.framework; sourceTree = SDKROOT; };
		CA0543C216199BE000F98399 /* Foundation.framework */ = {isa = PBXFileReference; lastKnownFileType = wrapper.framework; name = Foundation.framework; path = System/Library/Frameworks/Foundation.framework; sourceTree = SDKROOT; };
		CA0543C416199BE000F98399 /* CoreGraphics.framework */ = {isa = PBXFileReference; lastKnownFileType = wrapper.framework; name = CoreGraphics.framework; path = System/Library/Frameworks/CoreGraphics.framework; sourceTree = SDKROOT; };
		CA0543C816199BE100F98399 /* FromScratch-Info.plist */ = {isa = PBXFileReference; lastKnownFileType = text.plist.xml; path = "FromScratch-Info.plist"; sourceTree = "<group>"; };
		CA0543CA16199BE100F98399 /* en */ = {isa = PBXFileReference; lastKnownFileType = text.plist.strings; name = en; path = en.lproj/InfoPlist.strings; sourceTree = "<group>"; };
		CA0543CC16199BE100F98399 /* main.m */ = {isa = PBXFileReference; lastKnownFileType = sourcecode.c.objc; path = main.m; sourceTree = "<group>"; };
		CA0543CE16199BE100F98399 /* FromScratch-Prefix.pch */ = {isa = PBXFileReference; lastKnownFileType = sourcecode.c.h; path = "FromScratch-Prefix.pch"; sourceTree = "<group>"; };
		CA0543CF16199BE100F98399 /* AppDelegate.h */ = {isa = PBXFileReference; lastKnownFileType = sourcecode.c.h; path = AppDelegate.h; sourceTree = "<group>"; };
		CA0543D016199BE100F98399 /* AppDelegate.m */ = {isa = PBXFileReference; lastKnownFileType = sourcecode.c.objc; path = AppDelegate.m; sourceTree = "<group>"; };
		CA0543D216199BE100F98399 /* Default.png */ = {isa = PBXFileReference; lastKnownFileType = image.png; path = Default.png; sourceTree = "<group>"; };
		CA0543D416199BE100F98399 /* Default@2x.png */ = {isa = PBXFileReference; lastKnownFileType = image.png; path = "Default@2x.png"; sourceTree = "<group>"; };
		CA0543D616199BE100F98399 /* Default-568h@2x.png */ = {isa = PBXFileReference; lastKnownFileType = image.png; path = "Default-568h@2x.png"; sourceTree = "<group>"; };
		CA0543DD16199BE100F98399 /* FromScratchTests.octest */ = {isa = PBXFileReference; explicitFileType = wrapper.cfbundle; includeInIndex = 0; path = FromScratchTests.octest; sourceTree = BUILT_PRODUCTS_DIR; };
		CA0543DE16199BE100F98399 /* SenTestingKit.framework */ = {isa = PBXFileReference; lastKnownFileType = wrapper.framework; name = SenTestingKit.framework; path = Library/Frameworks/SenTestingKit.framework; sourceTree = DEVELOPER_DIR; };
		CA0543E616199BE100F98399 /* FromScratchTests-Info.plist */ = {isa = PBXFileReference; lastKnownFileType = text.plist.xml; path = "FromScratchTests-Info.plist"; sourceTree = "<group>"; };
		CA0543E816199BE100F98399 /* en */ = {isa = PBXFileReference; lastKnownFileType = text.plist.strings; name = en; path = en.lproj/InfoPlist.strings; sourceTree = "<group>"; };
		CA0543EA16199BE100F98399 /* FromScratchTests.h */ = {isa = PBXFileReference; lastKnownFileType = sourcecode.c.h; path = FromScratchTests.h; sourceTree = "<group>"; };
		CA0543EB16199BE100F98399 /* FromScratchTests.m */ = {isa = PBXFileReference; lastKnownFileType = sourcecode.c.objc; path = FromScratchTests.m; sourceTree = "<group>"; };
		CA0543F516199D6900F98399 /* NieuwBoekViewController.h */ = {isa = PBXFileReference; fileEncoding = 4; lastKnownFileType = sourcecode.c.h; path = NieuwBoekViewController.h; sourceTree = "<group>"; };
		CA0543F616199D6900F98399 /* NieuwBoekViewController.m */ = {isa = PBXFileReference; fileEncoding = 4; lastKnownFileType = sourcecode.c.objc; path = NieuwBoekViewController.m; sourceTree = "<group>"; };
		CA0543F816199FDF00F98399 /* AllebBoekenViewController.h */ = {isa = PBXFileReference; fileEncoding = 4; lastKnownFileType = sourcecode.c.h; path = AllebBoekenViewController.h; sourceTree = "<group>"; };
		CA0543F916199FDF00F98399 /* AllebBoekenViewController.m */ = {isa = PBXFileReference; fileEncoding = 4; lastKnownFileType = sourcecode.c.objc; path = AllebBoekenViewController.m; sourceTree = "<group>"; };
		CA0543FB161C492C00F98399 /* 06-magnify.png */ = {isa = PBXFileReference; lastKnownFileType = image.png; path = "06-magnify.png"; sourceTree = "<group>"; };
		CA0543FC161C492C00F98399 /* 13-target.png */ = {isa = PBXFileReference; lastKnownFileType = image.png; path = "13-target.png"; sourceTree = "<group>"; };
/* End PBXFileReference section */

/* Begin PBXFrameworksBuildPhase section */
		CA0543B916199BE000F98399 /* Frameworks */ = {
			isa = PBXFrameworksBuildPhase;
			buildActionMask = 2147483647;
			files = (
				CA0543C116199BE000F98399 /* UIKit.framework in Frameworks */,
				CA0543C316199BE000F98399 /* Foundation.framework in Frameworks */,
				CA0543C516199BE000F98399 /* CoreGraphics.framework in Frameworks */,
			);
			runOnlyForDeploymentPostprocessing = 0;
		};
		CA0543D916199BE100F98399 /* Frameworks */ = {
			isa = PBXFrameworksBuildPhase;
			buildActionMask = 2147483647;
			files = (
				CA0543DF16199BE100F98399 /* SenTestingKit.framework in Frameworks */,
				CA0543E016199BE100F98399 /* UIKit.framework in Frameworks */,
				CA0543E116199BE100F98399 /* Foundation.framework in Frameworks */,
			);
			runOnlyForDeploymentPostprocessing = 0;
		};
/* End PBXFrameworksBuildPhase section */

/* Begin PBXGroup section */
		CA0543B116199BE000F98399 = {
			isa = PBXGroup;
			children = (
				CA0543C616199BE100F98399 /* FromScratch */,
				CA0543E416199BE100F98399 /* FromScratchTests */,
				CA0543BF16199BE000F98399 /* Frameworks */,
				CA0543BD16199BE000F98399 /* Products */,
			);
			sourceTree = "<group>";
		};
		CA0543BD16199BE000F98399 /* Products */ = {
			isa = PBXGroup;
			children = (
				CA0543BC16199BE000F98399 /* FromScratch.app */,
				CA0543DD16199BE100F98399 /* FromScratchTests.octest */,
			);
			name = Products;
			sourceTree = "<group>";
		};
		CA0543BF16199BE000F98399 /* Frameworks */ = {
			isa = PBXGroup;
			children = (
				CA0543C016199BE000F98399 /* UIKit.framework */,
				CA0543C216199BE000F98399 /* Foundation.framework */,
				CA0543C416199BE000F98399 /* CoreGraphics.framework */,
				CA0543DE16199BE100F98399 /* SenTestingKit.framework */,
			);
			name = Frameworks;
			sourceTree = "<group>";
		};
		CA0543C616199BE100F98399 /* FromScratch */ = {
			isa = PBXGroup;
			children = (
				CA0543FB161C492C00F98399 /* 06-magnify.png */,
				CA0543FC161C492C00F98399 /* 13-target.png */,
				CA0543CF16199BE100F98399 /* AppDelegate.h */,
				CA0543D016199BE100F98399 /* AppDelegate.m */,
				CA0543C716199BE100F98399 /* Supporting Files */,
				CA0543F516199D6900F98399 /* NieuwBoekViewController.h */,
				CA0543F616199D6900F98399 /* NieuwBoekViewController.m */,
				CA0543F816199FDF00F98399 /* AllebBoekenViewController.h */,
				CA0543F916199FDF00F98399 /* AllebBoekenViewController.m */,
			);
			path = FromScratch;
			sourceTree = "<group>";
		};
		CA0543C716199BE100F98399 /* Supporting Files */ = {
			isa = PBXGroup;
			children = (
				CA0543C816199BE100F98399 /* FromScratch-Info.plist */,
				CA0543C916199BE100F98399 /* InfoPlist.strings */,
				CA0543CC16199BE100F98399 /* main.m */,
				CA0543CE16199BE100F98399 /* FromScratch-Prefix.pch */,
				CA0543D216199BE100F98399 /* Default.png */,
				CA0543D416199BE100F98399 /* Default@2x.png */,
				CA0543D616199BE100F98399 /* Default-568h@2x.png */,
			);
			name = "Supporting Files";
			sourceTree = "<group>";
		};
		CA0543E416199BE100F98399 /* FromScratchTests */ = {
			isa = PBXGroup;
			children = (
				CA0543EA16199BE100F98399 /* FromScratchTests.h */,
				CA0543EB16199BE100F98399 /* FromScratchTests.m */,
				CA0543E516199BE100F98399 /* Supporting Files */,
			);
			path = FromScratchTests;
			sourceTree = "<group>";
		};
		CA0543E516199BE100F98399 /* Supporting Files */ = {
			isa = PBXGroup;
			children = (
				CA0543E616199BE100F98399 /* FromScratchTests-Info.plist */,
				CA0543E716199BE100F98399 /* InfoPlist.strings */,
			);
			name = "Supporting Files";
			sourceTree = "<group>";
		};
/* End PBXGroup section */

/* Begin PBXNativeTarget section */
		CA0543BB16199BE000F98399 /* FromScratch */ = {
			isa = PBXNativeTarget;
			buildConfigurationList = CA0543EF16199BE100F98399 /* Build configuration list for PBXNativeTarget "FromScratch" */;
			buildPhases = (
				CA0543B816199BE000F98399 /* Sources */,
				CA0543B916199BE000F98399 /* Frameworks */,
				CA0543BA16199BE000F98399 /* Resources */,
			);
			buildRules = (
			);
			dependencies = (
			);
			name = FromScratch;
			productName = FromScratch;
			productReference = CA0543BC16199BE000F98399 /* FromScratch.app */;
			productType = "com.apple.product-type.application";
		};
		CA0543DC16199BE100F98399 /* FromScratchTests */ = {
			isa = PBXNativeTarget;
			buildConfigurationList = CA0543F216199BE100F98399 /* Build configuration list for PBXNativeTarget "FromScratchTests" */;
			buildPhases = (
				CA0543D816199BE100F98399 /* Sources */,
				CA0543D916199BE100F98399 /* Frameworks */,
				CA0543DA16199BE100F98399 /* Resources */,
				CA0543DB16199BE100F98399 /* ShellScript */,
			);
			buildRules = (
			);
			dependencies = (
				CA0543E316199BE100F98399 /* PBXTargetDependency */,
			);
			name = FromScratchTests;
			productName = FromScratchTests;
			productReference = CA0543DD16199BE100F98399 /* FromScratchTests.octest */;
			productType = "com.apple.product-type.bundle";
		};
/* End PBXNativeTarget section */

/* Begin PBXProject section */
		CA0543B316199BE000F98399 /* Project object */ = {
			isa = PBXProject;
			attributes = {
				LastUpgradeCheck = 0450;
				ORGANIZATIONNAME = "Raymond Van Dongelen";
			};
			buildConfigurationList = CA0543B616199BE000F98399 /* Build configuration list for PBXProject "FromScratch" */;
			compatibilityVersion = "Xcode 3.2";
			developmentRegion = English;
			hasScannedForEncodings = 0;
			knownRegions = (
				en,
			);
			mainGroup = CA0543B116199BE000F98399;
			productRefGroup = CA0543BD16199BE000F98399 /* Products */;
			projectDirPath = "";
			projectRoot = "";
			targets = (
				CA0543BB16199BE000F98399 /* FromScratch */,
				CA0543DC16199BE100F98399 /* FromScratchTests */,
			);
		};
/* End PBXProject section */

/* Begin PBXResourcesBuildPhase section */
		CA0543BA16199BE000F98399 /* Resources */ = {
			isa = PBXResourcesBuildPhase;
			buildActionMask = 2147483647;
			files = (
				CA0543CB16199BE100F98399 /* InfoPlist.strings in Resources */,
				CA0543D316199BE100F98399 /* Default.png in Resources */,
				CA0543D516199BE100F98399 /* Default@2x.png in Resources */,
				CA0543D716199BE100F98399 /* Default-568h@2x.png in Resources */,
				CA0543FD161C492C00F98399 /* 06-magnify.png in Resources */,
				CA0543FE161C492D00F98399 /* 13-target.png in Resources */,
			);
			runOnlyForDeploymentPostprocessing = 0;
		};
		CA0543DA16199BE100F98399 /* Resources */ = {
			isa = PBXResourcesBuildPhase;
			buildActionMask = 2147483647;
			files = (
				CA0543E916199BE100F98399 /* InfoPlist.strings in Resources */,
			);
			runOnlyForDeploymentPostprocessing = 0;
		};
/* End PBXResourcesBuildPhase section */

/* Begin PBXShellScriptBuildPhase section */
		CA0543DB16199BE100F98399 /* ShellScript */ = {
			isa = PBXShellScriptBuildPhase;
			buildActionMask = 2147483647;
			files = (
			);
			inputPaths = (
			);
			outputPaths = (
			);
			runOnlyForDeploymentPostprocessing = 0;
			shellPath = /bin/sh;
			shellScript = "# Run the unit tests in this test bundle.\n\"${SYSTEM_DEVELOPER_DIR}/Tools/RunUnitTests\"\n";
		};
/* End PBXShellScriptBuildPhase section */

/* Begin PBXSourcesBuildPhase section */
		CA0543B816199BE000F98399 /* Sources */ = {
			isa = PBXSourcesBuildPhase;
			buildActionMask = 2147483647;
			files = (
				CA0543CD16199BE100F98399 /* main.m in Sources */,
				CA0543D116199BE100F98399 /* AppDelegate.m in Sources */,
				CA0543F716199D6900F98399 /* NieuwBoekViewController.m in Sources */,
				CA0543FA16199FDF00F98399 /* AllebBoekenViewController.m in Sources */,
			);
			runOnlyForDeploymentPostprocessing = 0;
		};
		CA0543D816199BE100F98399 /* Sources */ = {
			isa = PBXSourcesBuildPhase;
			buildActionMask = 2147483647;
			files = (
				CA0543EC16199BE100F98399 /* FromScratchTests.m in Sources */,
			);
			runOnlyForDeploymentPostprocessing = 0;
		};
/* End PBXSourcesBuildPhase section */

/* Begin PBXTargetDependency section */
		CA0543E316199BE100F98399 /* PBXTargetDependency */ = {
			isa = PBXTargetDependency;
			target = CA0543BB16199BE000F98399 /* FromScratch */;
			targetProxy = CA0543E216199BE100F98399 /* PBXContainerItemProxy */;
		};
/* End PBXTargetDependency section */

/* Begin PBXVariantGroup section */
		CA0543C916199BE100F98399 /* InfoPlist.strings */ = {
			isa = PBXVariantGroup;
			children = (
				CA0543CA16199BE100F98399 /* en */,
			);
			name = InfoPlist.strings;
			sourceTree = "<group>";
		};
		CA0543E716199BE100F98399 /* InfoPlist.strings */ = {
			isa = PBXVariantGroup;
			children = (
				CA0543E816199BE100F98399 /* en */,
			);
			name = InfoPlist.strings;
			sourceTree = "<group>";
		};
/* End PBXVariantGroup section */

/* Begin XCBuildConfiguration section */
		CA0543ED16199BE100F98399 /* Debug */ = {
			isa = XCBuildConfiguration;
			buildSettings = {
				ALWAYS_SEARCH_USER_PATHS = NO;
				CLANG_CXX_LANGUAGE_STANDARD = "gnu++0x";
				CLANG_CXX_LIBRARY = "libc++";
				CLANG_ENABLE_OBJC_ARC = YES;
				CLANG_WARN_EMPTY_BODY = YES;
				CLANG_WARN__DUPLICATE_METHOD_MATCH = YES;
				"CODE_SIGN_IDENTITY[sdk=iphoneos*]" = "iPhone Developer";
				COPY_PHASE_STRIP = NO;
				GCC_C_LANGUAGE_STANDARD = gnu99;
				GCC_DYNAMIC_NO_PIC = NO;
				GCC_OPTIMIZATION_LEVEL = 0;
				GCC_PREPROCESSOR_DEFINITIONS = (
					"DEBUG=1",
					"$(inherited)",
				);
				GCC_SYMBOLS_PRIVATE_EXTERN = NO;
				GCC_WARN_ABOUT_RETURN_TYPE = YES;
				GCC_WARN_UNINITIALIZED_AUTOS = YES;
				GCC_WARN_UNUSED_VARIABLE = YES;
				IPHONEOS_DEPLOYMENT_TARGET = 6.0;
				SDKROOT = iphoneos;
				TARGETED_DEVICE_FAMILY = 2;
			};
			name = Debug;
		};
		CA0543EE16199BE100F98399 /* Release */ = {
			isa = XCBuildConfiguration;
			buildSettings = {
				ALWAYS_SEARCH_USER_PATHS = NO;
				CLANG_CXX_LANGUAGE_STANDARD = "gnu++0x";
				CLANG_CXX_LIBRARY = "libc++";
				CLANG_ENABLE_OBJC_ARC = YES;
				CLANG_WARN_EMPTY_BODY = YES;
				CLANG_WARN__DUPLICATE_METHOD_MATCH = YES;
				"CODE_SIGN_IDENTITY[sdk=iphoneos*]" = "iPhone Developer";
				COPY_PHASE_STRIP = YES;
				GCC_C_LANGUAGE_STANDARD = gnu99;
				GCC_WARN_ABOUT_RETURN_TYPE = YES;
				GCC_WARN_UNINITIALIZED_AUTOS = YES;
				GCC_WARN_UNUSED_VARIABLE = YES;
				IPHONEOS_DEPLOYMENT_TARGET = 6.0;
				OTHER_CFLAGS = "-DNS_BLOCK_ASSERTIONS=1";
				SDKROOT = iphoneos;
				TARGETED_DEVICE_FAMILY = 2;
				VALIDATE_PRODUCT = YES;
			};
			name = Release;
		};
		CA0543F016199BE100F98399 /* Debug */ = {
			isa = XCBuildConfiguration;
			buildSettings = {
				GCC_PRECOMPILE_PREFIX_HEADER = YES;
				GCC_PREFIX_HEADER = "FromScratch/FromScratch-Prefix.pch";
				INFOPLIST_FILE = "FromScratch/FromScratch-Info.plist";
				PRODUCT_NAME = "$(TARGET_NAME)";
				WRAPPER_EXTENSION = app;
			};
			name = Debug;
		};
		CA0543F116199BE100F98399 /* Release */ = {
			isa = XCBuildConfiguration;
			buildSettings = {
				GCC_PRECOMPILE_PREFIX_HEADER = YES;
				GCC_PREFIX_HEADER = "FromScratch/FromScratch-Prefix.pch";
				INFOPLIST_FILE = "FromScratch/FromScratch-Info.plist";
				PRODUCT_NAME = "$(TARGET_NAME)";
				WRAPPER_EXTENSION = app;
			};
			name = Release;
		};
		CA0543F316199BE100F98399 /* Debug */ = {
			isa = XCBuildConfiguration;
			buildSettings = {
				BUNDLE_LOADER = "$(BUILT_PRODUCTS_DIR)/FromScratch.app/FromScratch";
				FRAMEWORK_SEARCH_PATHS = (
					"\"$(SDKROOT)/Developer/Library/Frameworks\"",
					"\"$(DEVELOPER_LIBRARY_DIR)/Frameworks\"",
				);
				GCC_PRECOMPILE_PREFIX_HEADER = YES;
				GCC_PREFIX_HEADER = "FromScratch/FromScratch-Prefix.pch";
				INFOPLIST_FILE = "FromScratchTests/FromScratchTests-Info.plist";
				PRODUCT_NAME = "$(TARGET_NAME)";
				TEST_HOST = "$(BUNDLE_LOADER)";
				WRAPPER_EXTENSION = octest;
			};
			name = Debug;
		};
		CA0543F416199BE100F98399 /* Release */ = {
			isa = XCBuildConfiguration;
			buildSettings = {
				BUNDLE_LOADER = "$(BUILT_PRODUCTS_DIR)/FromScratch.app/FromScratch";
				FRAMEWORK_SEARCH_PATHS = (
					"\"$(SDKROOT)/Developer/Library/Frameworks\"",
					"\"$(DEVELOPER_LIBRARY_DIR)/Frameworks\"",
				);
				GCC_PRECOMPILE_PREFIX_HEADER = YES;
				GCC_PREFIX_HEADER = "FromScratch/FromScratch-Prefix.pch";
				INFOPLIST_FILE = "FromScratchTests/FromScratchTests-Info.plist";
				PRODUCT_NAME = "$(TARGET_NAME)";
				TEST_HOST = "$(BUNDLE_LOADER)";
				WRAPPER_EXTENSION = octest;
			};
			name = Release;
		};
/* End XCBuildConfiguration section */

/* Begin XCConfigurationList section */
		CA0543B616199BE000F98399 /* Build configuration list for PBXProject "FromScratch" */ = {
			isa = XCConfigurationList;
			buildConfigurations = (
				CA0543ED16199BE100F98399 /* Debug */,
				CA0543EE16199BE100F98399 /* Release */,
			);
			defaultConfigurationIsVisible = 0;
			defaultConfigurationName = Release;
		};
		CA0543EF16199BE100F98399 /* Build configuration list for PBXNativeTarget "FromScratch" */ = {
			isa = XCConfigurationList;
			buildConfigurations = (
				CA0543F016199BE100F98399 /* Debug */,
				CA0543F116199BE100F98399 /* Release */,
			);
			defaultConfigurationIsVisible = 0;
		};
		CA0543F216199BE100F98399 /* Build configuration list for PBXNativeTarget "FromScratchTests" */ = {
			isa = XCConfigurationList;
			buildConfigurations = (
				CA0543F316199BE100F98399 /* Debug */,
				CA0543F416199BE100F98399 /* Release */,
			);
			defaultConfigurationIsVisible = 0;
		};
/* End XCConfigurationList section */
	};
	rootObject = CA0543B316199BE000F98399 /* Project object */;
}
