// !$*UTF8*$!
{
	archiveVersion = 1;
	classes = {
	};
	objectVersion = 46;
	objects = {

/* Begin PBXBuildFile section */
		CAE3C91316011D7E00136D63 /* UIKit.framework in Frameworks */ = {isa = PBXBuildFile; fileRef = CAE3C91216011D7E00136D63 /* UIKit.framework */; };
		CAE3C91516011D7E00136D63 /* Foundation.framework in Frameworks */ = {isa = PBXBuildFile; fileRef = CAE3C91416011D7E00136D63 /* Foundation.framework */; };
		CAE3C91716011D7E00136D63 /* CoreGraphics.framework in Frameworks */ = {isa = PBXBuildFile; fileRef = CAE3C91616011D7E00136D63 /* CoreGraphics.framework */; };
		CAE3C91D16011D7E00136D63 /* InfoPlist.strings in Resources */ = {isa = PBXBuildFile; fileRef = CAE3C91B16011D7E00136D63 /* InfoPlist.strings */; };
		CAE3C91F16011D7E00136D63 /* main.m in Sources */ = {isa = PBXBuildFile; fileRef = CAE3C91E16011D7E00136D63 /* main.m */; };
		CAE3C92316011D7E00136D63 /* AppDelegate.m in Sources */ = {isa = PBXBuildFile; fileRef = CAE3C92216011D7E00136D63 /* AppDelegate.m */; };
		CAE3C92616011D7E00136D63 /* MainStoryboard_iPhone.storyboard in Resources */ = {isa = PBXBuildFile; fileRef = CAE3C92416011D7E00136D63 /* MainStoryboard_iPhone.storyboard */; };
		CAE3C92916011D7E00136D63 /* MainStoryboard_iPad.storyboard in Resources */ = {isa = PBXBuildFile; fileRef = CAE3C92716011D7E00136D63 /* MainStoryboard_iPad.storyboard */; };
		CAE3C92C16011D7E00136D63 /* ViewController.m in Sources */ = {isa = PBXBuildFile; fileRef = CAE3C92B16011D7E00136D63 /* ViewController.m */; };
		CAE3C93416011D7E00136D63 /* SenTestingKit.framework in Frameworks */ = {isa = PBXBuildFile; fileRef = CAE3C93316011D7E00136D63 /* SenTestingKit.framework */; };
		CAE3C93516011D7E00136D63 /* UIKit.framework in Frameworks */ = {isa = PBXBuildFile; fileRef = CAE3C91216011D7E00136D63 /* UIKit.framework */; };
		CAE3C93616011D7E00136D63 /* Foundation.framework in Frameworks */ = {isa = PBXBuildFile; fileRef = CAE3C91416011D7E00136D63 /* Foundation.framework */; };
		CAE3C93E16011D7E00136D63 /* InfoPlist.strings in Resources */ = {isa = PBXBuildFile; fileRef = CAE3C93C16011D7E00136D63 /* InfoPlist.strings */; };
		CAE3C94116011D7E00136D63 /* FabBrowserTests.m in Sources */ = {isa = PBXBuildFile; fileRef = CAE3C94016011D7E00136D63 /* FabBrowserTests.m */; };
/* End PBXBuildFile section */

/* Begin PBXContainerItemProxy section */
		CAE3C93716011D7E00136D63 /* PBXContainerItemProxy */ = {
			isa = PBXContainerItemProxy;
			containerPortal = CAE3C90516011D7E00136D63 /* Project object */;
			proxyType = 1;
			remoteGlobalIDString = CAE3C90D16011D7E00136D63;
			remoteInfo = FabBrowser;
		};
/* End PBXContainerItemProxy section */

/* Begin PBXFileReference section */
		CAE3C90E16011D7E00136D63 /* FabBrowser.app */ = {isa = PBXFileReference; explicitFileType = wrapper.application; includeInIndex = 0; path = FabBrowser.app; sourceTree = BUILT_PRODUCTS_DIR; };
		CAE3C91216011D7E00136D63 /* UIKit.framework */ = {isa = PBXFileReference; lastKnownFileType = wrapper.framework; name = UIKit.framework; path = System/Library/Frameworks/UIKit.framework; sourceTree = SDKROOT; };
		CAE3C91416011D7E00136D63 /* Foundation.framework */ = {isa = PBXFileReference; lastKnownFileType = wrapper.framework; name = Foundation.framework; path = System/Library/Frameworks/Foundation.framework; sourceTree = SDKROOT; };
		CAE3C91616011D7E00136D63 /* CoreGraphics.framework */ = {isa = PBXFileReference; lastKnownFileType = wrapper.framework; name = CoreGraphics.framework; path = System/Library/Frameworks/CoreGraphics.framework; sourceTree = SDKROOT; };
		CAE3C91A16011D7E00136D63 /* FabBrowser-Info.plist */ = {isa = PBXFileReference; lastKnownFileType = text.plist.xml; path = "FabBrowser-Info.plist"; sourceTree = "<group>"; };
		CAE3C91C16011D7E00136D63 /* en */ = {isa = PBXFileReference; lastKnownFileType = text.plist.strings; name = en; path = en.lproj/InfoPlist.strings; sourceTree = "<group>"; };
		CAE3C91E16011D7E00136D63 /* main.m */ = {isa = PBXFileReference; lastKnownFileType = sourcecode.c.objc; path = main.m; sourceTree = "<group>"; };
		CAE3C92016011D7E00136D63 /* FabBrowser-Prefix.pch */ = {isa = PBXFileReference; lastKnownFileType = sourcecode.c.h; path = "FabBrowser-Prefix.pch"; sourceTree = "<group>"; };
		CAE3C92116011D7E00136D63 /* AppDelegate.h */ = {isa = PBXFileReference; lastKnownFileType = sourcecode.c.h; path = AppDelegate.h; sourceTree = "<group>"; };
		CAE3C92216011D7E00136D63 /* AppDelegate.m */ = {isa = PBXFileReference; lastKnownFileType = sourcecode.c.objc; path = AppDelegate.m; sourceTree = "<group>"; };
		CAE3C92516011D7E00136D63 /* en */ = {isa = PBXFileReference; lastKnownFileType = file.storyboard; name = en; path = en.lproj/MainStoryboard_iPhone.storyboard; sourceTree = "<group>"; };
		CAE3C92816011D7E00136D63 /* en */ = {isa = PBXFileReference; lastKnownFileType = file.storyboard; name = en; path = en.lproj/MainStoryboard_iPad.storyboard; sourceTree = "<group>"; };
		CAE3C92A16011D7E00136D63 /* ViewController.h */ = {isa = PBXFileReference; lastKnownFileType = sourcecode.c.h; path = ViewController.h; sourceTree = "<group>"; };
		CAE3C92B16011D7E00136D63 /* ViewController.m */ = {isa = PBXFileReference; lastKnownFileType = sourcecode.c.objc; path = ViewController.m; sourceTree = "<group>"; };
		CAE3C93216011D7E00136D63 /* FabBrowserTests.octest */ = {isa = PBXFileReference; explicitFileType = wrapper.cfbundle; includeInIndex = 0; path = FabBrowserTests.octest; sourceTree = BUILT_PRODUCTS_DIR; };
		CAE3C93316011D7E00136D63 /* SenTestingKit.framework */ = {isa = PBXFileReference; lastKnownFileType = wrapper.framework; name = SenTestingKit.framework; path = Library/Frameworks/SenTestingKit.framework; sourceTree = DEVELOPER_DIR; };
		CAE3C93B16011D7E00136D63 /* FabBrowserTests-Info.plist */ = {isa = PBXFileReference; lastKnownFileType = text.plist.xml; path = "FabBrowserTests-Info.plist"; sourceTree = "<group>"; };
		CAE3C93D16011D7E00136D63 /* en */ = {isa = PBXFileReference; lastKnownFileType = text.plist.strings; name = en; path = en.lproj/InfoPlist.strings; sourceTree = "<group>"; };
		CAE3C93F16011D7E00136D63 /* FabBrowserTests.h */ = {isa = PBXFileReference; lastKnownFileType = sourcecode.c.h; path = FabBrowserTests.h; sourceTree = "<group>"; };
		CAE3C94016011D7E00136D63 /* FabBrowserTests.m */ = {isa = PBXFileReference; lastKnownFileType = sourcecode.c.objc; path = FabBrowserTests.m; sourceTree = "<group>"; };
/* End PBXFileReference section */

/* Begin PBXFrameworksBuildPhase section */
		CAE3C90B16011D7E00136D63 /* Frameworks */ = {
			isa = PBXFrameworksBuildPhase;
			buildActionMask = 2147483647;
			files = (
				CAE3C91316011D7E00136D63 /* UIKit.framework in Frameworks */,
				CAE3C91516011D7E00136D63 /* Foundation.framework in Frameworks */,
				CAE3C91716011D7E00136D63 /* CoreGraphics.framework in Frameworks */,
			);
			runOnlyForDeploymentPostprocessing = 0;
		};
		CAE3C92E16011D7E00136D63 /* Frameworks */ = {
			isa = PBXFrameworksBuildPhase;
			buildActionMask = 2147483647;
			files = (
				CAE3C93416011D7E00136D63 /* SenTestingKit.framework in Frameworks */,
				CAE3C93516011D7E00136D63 /* UIKit.framework in Frameworks */,
				CAE3C93616011D7E00136D63 /* Foundation.framework in Frameworks */,
			);
			runOnlyForDeploymentPostprocessing = 0;
		};
/* End PBXFrameworksBuildPhase section */

/* Begin PBXGroup section */
		CAE3C90316011D7E00136D63 = {
			isa = PBXGroup;
			children = (
				CAE3C91816011D7E00136D63 /* FabBrowser */,
				CAE3C93916011D7E00136D63 /* FabBrowserTests */,
				CAE3C91116011D7E00136D63 /* Frameworks */,
				CAE3C90F16011D7E00136D63 /* Products */,
			);
			sourceTree = "<group>";
		};
		CAE3C90F16011D7E00136D63 /* Products */ = {
			isa = PBXGroup;
			children = (
				CAE3C90E16011D7E00136D63 /* FabBrowser.app */,
				CAE3C93216011D7E00136D63 /* FabBrowserTests.octest */,
			);
			name = Products;
			sourceTree = "<group>";
		};
		CAE3C91116011D7E00136D63 /* Frameworks */ = {
			isa = PBXGroup;
			children = (
				CAE3C91216011D7E00136D63 /* UIKit.framework */,
				CAE3C91416011D7E00136D63 /* Foundation.framework */,
				CAE3C91616011D7E00136D63 /* CoreGraphics.framework */,
				CAE3C93316011D7E00136D63 /* SenTestingKit.framework */,
			);
			name = Frameworks;
			sourceTree = "<group>";
		};
		CAE3C91816011D7E00136D63 /* FabBrowser */ = {
			isa = PBXGroup;
			children = (
				CAE3C92116011D7E00136D63 /* AppDelegate.h */,
				CAE3C92216011D7E00136D63 /* AppDelegate.m */,
				CAE3C92416011D7E00136D63 /* MainStoryboard_iPhone.storyboard */,
				CAE3C92716011D7E00136D63 /* MainStoryboard_iPad.storyboard */,
				CAE3C92A16011D7E00136D63 /* ViewController.h */,
				CAE3C92B16011D7E00136D63 /* ViewController.m */,
				CAE3C91916011D7E00136D63 /* Supporting Files */,
			);
			path = FabBrowser;
			sourceTree = "<group>";
		};
		CAE3C91916011D7E00136D63 /* Supporting Files */ = {
			isa = PBXGroup;
			children = (
				CAE3C91A16011D7E00136D63 /* FabBrowser-Info.plist */,
				CAE3C91B16011D7E00136D63 /* InfoPlist.strings */,
				CAE3C91E16011D7E00136D63 /* main.m */,
				CAE3C92016011D7E00136D63 /* FabBrowser-Prefix.pch */,
			);
			name = "Supporting Files";
			sourceTree = "<group>";
		};
		CAE3C93916011D7E00136D63 /* FabBrowserTests */ = {
			isa = PBXGroup;
			children = (
				CAE3C93F16011D7E00136D63 /* FabBrowserTests.h */,
				CAE3C94016011D7E00136D63 /* FabBrowserTests.m */,
				CAE3C93A16011D7E00136D63 /* Supporting Files */,
			);
			path = FabBrowserTests;
			sourceTree = "<group>";
		};
		CAE3C93A16011D7E00136D63 /* Supporting Files */ = {
			isa = PBXGroup;
			children = (
				CAE3C93B16011D7E00136D63 /* FabBrowserTests-Info.plist */,
				CAE3C93C16011D7E00136D63 /* InfoPlist.strings */,
			);
			name = "Supporting Files";
			sourceTree = "<group>";
		};
/* End PBXGroup section */

/* Begin PBXNativeTarget section */
		CAE3C90D16011D7E00136D63 /* FabBrowser */ = {
			isa = PBXNativeTarget;
			buildConfigurationList = CAE3C94416011D7E00136D63 /* Build configuration list for PBXNativeTarget "FabBrowser" */;
			buildPhases = (
				CAE3C90A16011D7E00136D63 /* Sources */,
				CAE3C90B16011D7E00136D63 /* Frameworks */,
				CAE3C90C16011D7E00136D63 /* Resources */,
			);
			buildRules = (
			);
			dependencies = (
			);
			name = FabBrowser;
			productName = FabBrowser;
			productReference = CAE3C90E16011D7E00136D63 /* FabBrowser.app */;
			productType = "com.apple.product-type.application";
		};
		CAE3C93116011D7E00136D63 /* FabBrowserTests */ = {
			isa = PBXNativeTarget;
			buildConfigurationList = CAE3C94716011D7E00136D63 /* Build configuration list for PBXNativeTarget "FabBrowserTests" */;
			buildPhases = (
				CAE3C92D16011D7E00136D63 /* Sources */,
				CAE3C92E16011D7E00136D63 /* Frameworks */,
				CAE3C92F16011D7E00136D63 /* Resources */,
				CAE3C93016011D7E00136D63 /* ShellScript */,
			);
			buildRules = (
			);
			dependencies = (
				CAE3C93816011D7E00136D63 /* PBXTargetDependency */,
			);
			name = FabBrowserTests;
			productName = FabBrowserTests;
			productReference = CAE3C93216011D7E00136D63 /* FabBrowserTests.octest */;
			productType = "com.apple.product-type.bundle";
		};
/* End PBXNativeTarget section */

/* Begin PBXProject section */
		CAE3C90516011D7E00136D63 /* Project object */ = {
			isa = PBXProject;
			attributes = {
				LastUpgradeCheck = 0440;
				ORGANIZATIONNAME = "Raymond Van Dongelen";
			};
			buildConfigurationList = CAE3C90816011D7E00136D63 /* Build configuration list for PBXProject "FabBrowser" */;
			compatibilityVersion = "Xcode 3.2";
			developmentRegion = English;
			hasScannedForEncodings = 0;
			knownRegions = (
				en,
			);
			mainGroup = CAE3C90316011D7E00136D63;
			productRefGroup = CAE3C90F16011D7E00136D63 /* Products */;
			projectDirPath = "";
			projectRoot = "";
			targets = (
				CAE3C90D16011D7E00136D63 /* FabBrowser */,
				CAE3C93116011D7E00136D63 /* FabBrowserTests */,
			);
		};
/* End PBXProject section */

/* Begin PBXResourcesBuildPhase section */
		CAE3C90C16011D7E00136D63 /* Resources */ = {
			isa = PBXResourcesBuildPhase;
			buildActionMask = 2147483647;
			files = (
				CAE3C91D16011D7E00136D63 /* InfoPlist.strings in Resources */,
				CAE3C92616011D7E00136D63 /* MainStoryboard_iPhone.storyboard in Resources */,
				CAE3C92916011D7E00136D63 /* MainStoryboard_iPad.storyboard in Resources */,
			);
			runOnlyForDeploymentPostprocessing = 0;
		};
		CAE3C92F16011D7E00136D63 /* Resources */ = {
			isa = PBXResourcesBuildPhase;
			buildActionMask = 2147483647;
			files = (
				CAE3C93E16011D7E00136D63 /* InfoPlist.strings in Resources */,
			);
			runOnlyForDeploymentPostprocessing = 0;
		};
/* End PBXResourcesBuildPhase section */

/* Begin PBXShellScriptBuildPhase section */
		CAE3C93016011D7E00136D63 /* ShellScript */ = {
			isa = PBXShellScriptBuildPhase;
			buildActionMask = 2147483647;
			files = (
			);
			inputPaths = (
			);
			outputPaths = (
			);
			runOnlyForDeploymentPostprocessing = 0;
			shellPath = /bin/sh;
			shellScript = "# Run the unit tests in this test bundle.\n\"${SYSTEM_DEVELOPER_DIR}/Tools/RunUnitTests\"\n";
		};
/* End PBXShellScriptBuildPhase section */

/* Begin PBXSourcesBuildPhase section */
		CAE3C90A16011D7E00136D63 /* Sources */ = {
			isa = PBXSourcesBuildPhase;
			buildActionMask = 2147483647;
			files = (
				CAE3C91F16011D7E00136D63 /* main.m in Sources */,
				CAE3C92316011D7E00136D63 /* AppDelegate.m in Sources */,
				CAE3C92C16011D7E00136D63 /* ViewController.m in Sources */,
			);
			runOnlyForDeploymentPostprocessing = 0;
		};
		CAE3C92D16011D7E00136D63 /* Sources */ = {
			isa = PBXSourcesBuildPhase;
			buildActionMask = 2147483647;
			files = (
				CAE3C94116011D7E00136D63 /* FabBrowserTests.m in Sources */,
			);
			runOnlyForDeploymentPostprocessing = 0;
		};
/* End PBXSourcesBuildPhase section */

/* Begin PBXTargetDependency section */
		CAE3C93816011D7E00136D63 /* PBXTargetDependency */ = {
			isa = PBXTargetDependency;
			target = CAE3C90D16011D7E00136D63 /* FabBrowser */;
			targetProxy = CAE3C93716011D7E00136D63 /* PBXContainerItemProxy */;
		};
/* End PBXTargetDependency section */

/* Begin PBXVariantGroup section */
		CAE3C91B16011D7E00136D63 /* InfoPlist.strings */ = {
			isa = PBXVariantGroup;
			children = (
				CAE3C91C16011D7E00136D63 /* en */,
			);
			name = InfoPlist.strings;
			sourceTree = "<group>";
		};
		CAE3C92416011D7E00136D63 /* MainStoryboard_iPhone.storyboard */ = {
			isa = PBXVariantGroup;
			children = (
				CAE3C92516011D7E00136D63 /* en */,
			);
			name = MainStoryboard_iPhone.storyboard;
			sourceTree = "<group>";
		};
		CAE3C92716011D7E00136D63 /* MainStoryboard_iPad.storyboard */ = {
			isa = PBXVariantGroup;
			children = (
				CAE3C92816011D7E00136D63 /* en */,
			);
			name = MainStoryboard_iPad.storyboard;
			sourceTree = "<group>";
		};
		CAE3C93C16011D7E00136D63 /* InfoPlist.strings */ = {
			isa = PBXVariantGroup;
			children = (
				CAE3C93D16011D7E00136D63 /* en */,
			);
			name = InfoPlist.strings;
			sourceTree = "<group>";
		};
/* End PBXVariantGroup section */

/* Begin XCBuildConfiguration section */
		CAE3C94216011D7E00136D63 /* Debug */ = {
			isa = XCBuildConfiguration;
			buildSettings = {
				ALWAYS_SEARCH_USER_PATHS = NO;
				ARCHS = "$(ARCHS_STANDARD_32_BIT)";
				CLANG_CXX_LANGUAGE_STANDARD = "gnu++0x";
				CLANG_ENABLE_OBJC_ARC = YES;
				CLANG_WARN__DUPLICATE_METHOD_MATCH = YES;
				"CODE_SIGN_IDENTITY[sdk=iphoneos*]" = "iPhone Developer";
				COPY_PHASE_STRIP = NO;
				GCC_C_LANGUAGE_STANDARD = gnu99;
				GCC_DYNAMIC_NO_PIC = NO;
				GCC_OPTIMIZATION_LEVEL = 0;
				GCC_PREPROCESSOR_DEFINITIONS = (
					"DEBUG=1",
					"$(inherited)",
				);
				GCC_SYMBOLS_PRIVATE_EXTERN = NO;
				GCC_VERSION = com.apple.compilers.llvm.clang.1_0;
				GCC_WARN_ABOUT_RETURN_TYPE = YES;
				GCC_WARN_UNINITIALIZED_AUTOS = YES;
				GCC_WARN_UNUSED_VARIABLE = YES;
				IPHONEOS_DEPLOYMENT_TARGET = 5.1;
				SDKROOT = iphoneos;
				TARGETED_DEVICE_FAMILY = "1,2";
			};
			name = Debug;
		};
		CAE3C94316011D7E00136D63 /* Release */ = {
			isa = XCBuildConfiguration;
			buildSettings = {
				ALWAYS_SEARCH_USER_PATHS = NO;
				ARCHS = "$(ARCHS_STANDARD_32_BIT)";
				CLANG_CXX_LANGUAGE_STANDARD = "gnu++0x";
				CLANG_ENABLE_OBJC_ARC = YES;
				CLANG_WARN__DUPLICATE_METHOD_MATCH = YES;
				"CODE_SIGN_IDENTITY[sdk=iphoneos*]" = "iPhone Developer";
				COPY_PHASE_STRIP = YES;
				GCC_C_LANGUAGE_STANDARD = gnu99;
				GCC_VERSION = com.apple.compilers.llvm.clang.1_0;
				GCC_WARN_ABOUT_RETURN_TYPE = YES;
				GCC_WARN_UNINITIALIZED_AUTOS = YES;
				GCC_WARN_UNUSED_VARIABLE = YES;
				IPHONEOS_DEPLOYMENT_TARGET = 5.1;
				OTHER_CFLAGS = "-DNS_BLOCK_ASSERTIONS=1";
				SDKROOT = iphoneos;
				TARGETED_DEVICE_FAMILY = "1,2";
				VALIDATE_PRODUCT = YES;
			};
			name = Release;
		};
		CAE3C94516011D7E00136D63 /* Debug */ = {
			isa = XCBuildConfiguration;
			buildSettings = {
				GCC_PRECOMPILE_PREFIX_HEADER = YES;
				GCC_PREFIX_HEADER = "FabBrowser/FabBrowser-Prefix.pch";
				INFOPLIST_FILE = "FabBrowser/FabBrowser-Info.plist";
				PRODUCT_NAME = "$(TARGET_NAME)";
				WRAPPER_EXTENSION = app;
			};
			name = Debug;
		};
		CAE3C94616011D7E00136D63 /* Release */ = {
			isa = XCBuildConfiguration;
			buildSettings = {
				GCC_PRECOMPILE_PREFIX_HEADER = YES;
				GCC_PREFIX_HEADER = "FabBrowser/FabBrowser-Prefix.pch";
				INFOPLIST_FILE = "FabBrowser/FabBrowser-Info.plist";
				PRODUCT_NAME = "$(TARGET_NAME)";
				WRAPPER_EXTENSION = app;
			};
			name = Release;
		};
		CAE3C94816011D7E00136D63 /* Debug */ = {
			isa = XCBuildConfiguration;
			buildSettings = {
				BUNDLE_LOADER = "$(BUILT_PRODUCTS_DIR)/FabBrowser.app/FabBrowser";
				FRAMEWORK_SEARCH_PATHS = (
					"\"$(SDKROOT)/Developer/Library/Frameworks\"",
					"\"$(DEVELOPER_LIBRARY_DIR)/Frameworks\"",
				);
				GCC_PRECOMPILE_PREFIX_HEADER = YES;
				GCC_PREFIX_HEADER = "FabBrowser/FabBrowser-Prefix.pch";
				INFOPLIST_FILE = "FabBrowserTests/FabBrowserTests-Info.plist";
				PRODUCT_NAME = "$(TARGET_NAME)";
				TEST_HOST = "$(BUNDLE_LOADER)";
				WRAPPER_EXTENSION = octest;
			};
			name = Debug;
		};
		CAE3C94916011D7E00136D63 /* Release */ = {
			isa = XCBuildConfiguration;
			buildSettings = {
				BUNDLE_LOADER = "$(BUILT_PRODUCTS_DIR)/FabBrowser.app/FabBrowser";
				FRAMEWORK_SEARCH_PATHS = (
					"\"$(SDKROOT)/Developer/Library/Frameworks\"",
					"\"$(DEVELOPER_LIBRARY_DIR)/Frameworks\"",
				);
				GCC_PRECOMPILE_PREFIX_HEADER = YES;
				GCC_PREFIX_HEADER = "FabBrowser/FabBrowser-Prefix.pch";
				INFOPLIST_FILE = "FabBrowserTests/FabBrowserTests-Info.plist";
				PRODUCT_NAME = "$(TARGET_NAME)";
				TEST_HOST = "$(BUNDLE_LOADER)";
				WRAPPER_EXTENSION = octest;
			};
			name = Release;
		};
/* End XCBuildConfiguration section */

/* Begin XCConfigurationList section */
		CAE3C90816011D7E00136D63 /* Build configuration list for PBXProject "FabBrowser" */ = {
			isa = XCConfigurationList;
			buildConfigurations = (
				CAE3C94216011D7E00136D63 /* Debug */,
				CAE3C94316011D7E00136D63 /* Release */,
			);
			defaultConfigurationIsVisible = 0;
			defaultConfigurationName = Release;
		};
		CAE3C94416011D7E00136D63 /* Build configuration list for PBXNativeTarget "FabBrowser" */ = {
			isa = XCConfigurationList;
			buildConfigurations = (
				CAE3C94516011D7E00136D63 /* Debug */,
				CAE3C94616011D7E00136D63 /* Release */,
			);
			defaultConfigurationIsVisible = 0;
		};
		CAE3C94716011D7E00136D63 /* Build configuration list for PBXNativeTarget "FabBrowserTests" */ = {
			isa = XCConfigurationList;
			buildConfigurations = (
				CAE3C94816011D7E00136D63 /* Debug */,
				CAE3C94916011D7E00136D63 /* Release */,
			);
			defaultConfigurationIsVisible = 0;
		};
/* End XCConfigurationList section */
	};
	rootObject = CAE3C90516011D7E00136D63 /* Project object */;
}
